
Microsoft Visual Studio Solution File, Format Version 12.00
# Visual Studio Version 17
VisualStudioVersion = 17.1.32328.378
MinimumVisualStudioVersion = 10.0.40219.1
Project("{9A19103F-16F7-4668-BE54-9A1E7A4F7556}") = "DigitalServiceCenter", "DigitalServiceCenter\DigitalServiceCenter.csproj", "{849E0513-5F73-4B24-90F6-9CC9D47AD00C}"
EndProject
Global
	GlobalSection(SolutionConfigurationPlatforms) = preSolution
		Debug|Any CPU = Debug|Any CPU
		Release|Any CPU = Release|Any CPU
	EndGlobalSection
	GlobalSection(ProjectConfigurationPlatforms) = postSolution
		{849E0513-5F73-4B24-90F6-9CC9D47AD00C}.Debug|Any CPU.ActiveCfg = Debug|Any CPU
		{849E0513-5F73-4B24-90F6-9CC9D47AD00C}.Debug|Any CPU.Build.0 = Debug|Any CPU
		{849E0513-5F73-4B24-90F6-9CC9D47AD00C}.Release|Any CPU.ActiveCfg = Release|Any CPU
		{849E0513-5F73-4B24-90F6-9CC9D47AD00C}.Release|Any CPU.Build.0 = Release|Any CPU
	EndGlobalSection
	GlobalSection(SolutionProperties) = preSolution
		HideSolutionNode = FALSE
	EndGlobalSection
	GlobalSection(ExtensibilityGlobals) = postSolution
		SolutionGuid = {D649C5B7-A718-454B-B844-21FFACC7F180}
	EndGlobalSection
EndGlobal
